// !$*UTF8*$!
{
	archiveVersion = 1;
	classes = {
	};
	objectVersion = 46;
	objects = {

/* Begin PBXBuildFile section */
		2683E3732483527100A297FF /* TestPolynomialPowerBasis.mm in Sources */ = {isa = PBXBuildFile; fileRef = 2683E3722483527100A297FF /* TestPolynomialPowerBasis.mm */; };
		269DD93124736B5700D9527C /* main.cpp in Sources */ = {isa = PBXBuildFile; fileRef = 269DD93024736B5700D9527C /* main.cpp */; };
/* End PBXBuildFile section */

/* Begin PBXCopyFilesBuildPhase section */
		269DD92B24736B5700D9527C /* CopyFiles */ = {
			isa = PBXCopyFilesBuildPhase;
			buildActionMask = 2147483647;
			dstPath = /usr/share/man/man1/;
			dstSubfolderSpec = 0;
			files = (
			);
			runOnlyForDeploymentPostprocessing = 1;
		};
/* End PBXCopyFilesBuildPhase section */

/* Begin PBXFileReference section */
		2683E3702483527100A297FF /* TestYRoots.xctest */ = {isa = PBXFileReference; explicitFileType = wrapper.cfbundle; includeInIndex = 0; path = TestYRoots.xctest; sourceTree = BUILT_PRODUCTS_DIR; };
		2683E3722483527100A297FF /* TestPolynomialPowerBasis.mm */ = {isa = PBXFileReference; lastKnownFileType = sourcecode.cpp.objcpp; path = TestPolynomialPowerBasis.mm; sourceTree = "<group>"; };
		2683E3742483527100A297FF /* Info.plist */ = {isa = PBXFileReference; lastKnownFileType = text.plist.xml; path = Info.plist; sourceTree = "<group>"; };
		268C098C248B2EC600595430 /* ChebyshevApproximator.h */ = {isa = PBXFileReference; lastKnownFileType = sourcecode.c.h; path = ChebyshevApproximator.h; sourceTree = "<group>"; };
		268C098D248CA59E00595430 /* SubdivisionSolver1D.ipp */ = {isa = PBXFileReference; lastKnownFileType = sourcecode.cpp.h; path = SubdivisionSolver1D.ipp; sourceTree = "<group>"; };
		268C0990248CA5EF00595430 /* SubdivisionSolverND.ipp */ = {isa = PBXFileReference; lastKnownFileType = sourcecode.cpp.h; path = SubdivisionSolverND.ipp; sourceTree = "<group>"; };
		268C0992248CA70200595430 /* IntervalData.h */ = {isa = PBXFileReference; lastKnownFileType = sourcecode.c.h; path = IntervalData.h; sourceTree = "<group>"; };
		268C0993248F229600595430 /* ChebyshevApproximator1D.ipp */ = {isa = PBXFileReference; lastKnownFileType = sourcecode.cpp.h; path = ChebyshevApproximator1D.ipp; sourceTree = "<group>"; };
		268C0994248F22C500595430 /* ChebyshevApproximatorND.ipp */ = {isa = PBXFileReference; lastKnownFileType = sourcecode.cpp.h; path = ChebyshevApproximatorND.ipp; sourceTree = "<group>"; };
		268C09952490945300595430 /* IntervalApproximator.h */ = {isa = PBXFileReference; lastKnownFileType = sourcecode.c.h; path = IntervalApproximator.h; sourceTree = "<group>"; };
		268C09962490946A00595430 /* IntervalApproximator1D.ipp */ = {isa = PBXFileReference; lastKnownFileType = sourcecode.cpp.h; path = IntervalApproximator1D.ipp; sourceTree = "<group>"; };
		268C09972490947F00595430 /* IntervalApproximatorND.ipp */ = {isa = PBXFileReference; lastKnownFileType = sourcecode.cpp.h; path = IntervalApproximatorND.ipp; sourceTree = "<group>"; };
		268C0998249097E900595430 /* IntervalApproximator2D.ipp */ = {isa = PBXFileReference; lastKnownFileType = sourcecode.cpp.h; path = IntervalApproximator2D.ipp; sourceTree = "<group>"; };
		269DD92D24736B5700D9527C /* YRoots */ = {isa = PBXFileReference; explicitFileType = "compiled.mach-o.executable"; includeInIndex = 0; path = YRoots; sourceTree = BUILT_PRODUCTS_DIR; };
		269DD93024736B5700D9527C /* main.cpp */ = {isa = PBXFileReference; lastKnownFileType = sourcecode.cpp.cpp; path = main.cpp; sourceTree = "<group>"; };
		269DD9392479A80600D9527C /* InputFileParser.h */ = {isa = PBXFileReference; lastKnownFileType = sourcecode.c.h; path = InputFileParser.h; sourceTree = "<group>"; };
		269DD93B2479A92F00D9527C /* Function.h */ = {isa = PBXFileReference; lastKnownFileType = sourcecode.c.h; path = Function.h; sourceTree = "<group>"; };
		269DD93E247C381100D9527C /* utilities.h */ = {isa = PBXFileReference; lastKnownFileType = sourcecode.c.h; path = utilities.h; sourceTree = "<group>"; };
		269DD940247C878900D9527C /* PowerBasisPolynomial.h */ = {isa = PBXFileReference; lastKnownFileType = sourcecode.c.h; path = PowerBasisPolynomial.h; sourceTree = "<group>"; };
		269DD942247EA76D00D9527C /* SubdivisionSolver.h */ = {isa = PBXFileReference; lastKnownFileType = sourcecode.c.h; path = SubdivisionSolver.h; sourceTree = "<group>"; };
/* End PBXFileReference section */

/* Begin PBXFrameworksBuildPhase section */
		2683E36D2483527100A297FF /* Frameworks */ = {
			isa = PBXFrameworksBuildPhase;
			buildActionMask = 2147483647;
			files = (
			);
			runOnlyForDeploymentPostprocessing = 0;
		};
		269DD92A24736B5700D9527C /* Frameworks */ = {
			isa = PBXFrameworksBuildPhase;
			buildActionMask = 2147483647;
			files = (
			);
			runOnlyForDeploymentPostprocessing = 0;
		};
/* End PBXFrameworksBuildPhase section */

/* Begin PBXGroup section */
		2683E3712483527100A297FF /* TestYRoots */ = {
			isa = PBXGroup;
			children = (
				2683E3722483527100A297FF /* TestPolynomialPowerBasis.mm */,
				2683E3742483527100A297FF /* Info.plist */,
			);
			path = TestYRoots;
			sourceTree = "<group>";
		};
		268C098E248CA5A700595430 /* Approximation */ = {
			isa = PBXGroup;
			children = (
				268C098C248B2EC600595430 /* ChebyshevApproximator.h */,
				268C0993248F229600595430 /* ChebyshevApproximator1D.ipp */,
				268C0994248F22C500595430 /* ChebyshevApproximatorND.ipp */,
				268C09952490945300595430 /* IntervalApproximator.h */,
				268C09962490946A00595430 /* IntervalApproximator1D.ipp */,
				268C0998249097E900595430 /* IntervalApproximator2D.ipp */,
				268C09972490947F00595430 /* IntervalApproximatorND.ipp */,
			);
			name = Approximation;
			sourceTree = "<group>";
		};
		268C0991248CA6F200595430 /* IntervalData */ = {
			isa = PBXGroup;
			children = (
				268C0992248CA70200595430 /* IntervalData.h */,
			);
			name = IntervalData;
			sourceTree = "<group>";
		};
		269DD92424736B5700D9527C = {
			isa = PBXGroup;
			children = (
				269DD92F24736B5700D9527C /* YRoots */,
				2683E3712483527100A297FF /* TestYRoots */,
				269DD92E24736B5700D9527C /* Products */,
			);
			sourceTree = "<group>";
		};
		269DD92E24736B5700D9527C /* Products */ = {
			isa = PBXGroup;
			children = (
				269DD92D24736B5700D9527C /* YRoots */,
				2683E3702483527100A297FF /* TestYRoots.xctest */,
			);
			name = Products;
			sourceTree = "<group>";
		};
		269DD92F24736B5700D9527C /* YRoots */ = {
			isa = PBXGroup;
			children = (
				268C0991248CA6F200595430 /* IntervalData */,
				268C098E248CA5A700595430 /* Approximation */,
				269DD941247EA75300D9527C /* Subdivision */,
				269DD93D247C37FC00D9527C /* Utilities */,
				269DD93C2479A95400D9527C /* IO */,
				269DD93A2479A91800D9527C /* Functions */,
				269DD93024736B5700D9527C /* main.cpp */,
			);
			path = YRoots;
			sourceTree = "<group>";
		};
		269DD93A2479A91800D9527C /* Functions */ = {
			isa = PBXGroup;
			children = (
				269DD93B2479A92F00D9527C /* Function.h */,
				269DD940247C878900D9527C /* PowerBasisPolynomial.h */,
			);
			name = Functions;
			sourceTree = "<group>";
		};
		269DD93C2479A95400D9527C /* IO */ = {
			isa = PBXGroup;
			children = (
				269DD9392479A80600D9527C /* InputFileParser.h */,
			);
			name = IO;
			sourceTree = "<group>";
		};
		269DD93D247C37FC00D9527C /* Utilities */ = {
			isa = PBXGroup;
			children = (
				269DD93E247C381100D9527C /* utilities.h */,
			);
			name = Utilities;
			sourceTree = "<group>";
		};
		269DD941247EA75300D9527C /* Subdivision */ = {
			isa = PBXGroup;
			children = (
				269DD942247EA76D00D9527C /* SubdivisionSolver.h */,
				268C098D248CA59E00595430 /* SubdivisionSolver1D.ipp */,
				268C0990248CA5EF00595430 /* SubdivisionSolverND.ipp */,
			);
			name = Subdivision;
			sourceTree = "<group>";
		};
/* End PBXGroup section */

/* Begin PBXNativeTarget section */
		2683E36F2483527100A297FF /* TestYRoots */ = {
			isa = PBXNativeTarget;
			buildConfigurationList = 2683E3772483527100A297FF /* Build configuration list for PBXNativeTarget "TestYRoots" */;
			buildPhases = (
				2683E36C2483527100A297FF /* Sources */,
				2683E36D2483527100A297FF /* Frameworks */,
				2683E36E2483527100A297FF /* Resources */,
			);
			buildRules = (
			);
			dependencies = (
			);
			name = TestYRoots;
			productName = TestYRoots;
			productReference = 2683E3702483527100A297FF /* TestYRoots.xctest */;
			productType = "com.apple.product-type.bundle.unit-test";
		};
		269DD92C24736B5700D9527C /* YRoots */ = {
			isa = PBXNativeTarget;
			buildConfigurationList = 269DD93424736B5700D9527C /* Build configuration list for PBXNativeTarget "YRoots" */;
			buildPhases = (
				269DD92924736B5700D9527C /* Sources */,
				269DD92A24736B5700D9527C /* Frameworks */,
				269DD92B24736B5700D9527C /* CopyFiles */,
			);
			buildRules = (
			);
			dependencies = (
			);
			name = YRoots;
			productName = YRoots;
			productReference = 269DD92D24736B5700D9527C /* YRoots */;
			productType = "com.apple.product-type.tool";
		};
/* End PBXNativeTarget section */

/* Begin PBXProject section */
		269DD92524736B5700D9527C /* Project object */ = {
			isa = PBXProject;
			attributes = {
				LastUpgradeCheck = 1150;
				ORGANIZATIONNAME = "Erik Hales Parkinson";
				TargetAttributes = {
					2683E36F2483527100A297FF = {
						CreatedOnToolsVersion = 11.5;
						ProvisioningStyle = Automatic;
					};
					269DD92C24736B5700D9527C = {
						CreatedOnToolsVersion = 7.3.1;
					};
				};
			};
			buildConfigurationList = 269DD92824736B5700D9527C /* Build configuration list for PBXProject "YRoots" */;
			compatibilityVersion = "Xcode 3.2";
			developmentRegion = en;
			hasScannedForEncodings = 0;
			knownRegions = (
				en,
				Base,
			);
			mainGroup = 269DD92424736B5700D9527C;
			productRefGroup = 269DD92E24736B5700D9527C /* Products */;
			projectDirPath = "";
			projectRoot = "";
			targets = (
				269DD92C24736B5700D9527C /* YRoots */,
				2683E36F2483527100A297FF /* TestYRoots */,
			);
		};
/* End PBXProject section */

/* Begin PBXResourcesBuildPhase section */
		2683E36E2483527100A297FF /* Resources */ = {
			isa = PBXResourcesBuildPhase;
			buildActionMask = 2147483647;
			files = (
			);
			runOnlyForDeploymentPostprocessing = 0;
		};
/* End PBXResourcesBuildPhase section */

/* Begin PBXSourcesBuildPhase section */
		2683E36C2483527100A297FF /* Sources */ = {
			isa = PBXSourcesBuildPhase;
			buildActionMask = 2147483647;
			files = (
				2683E3732483527100A297FF /* TestPolynomialPowerBasis.mm in Sources */,
			);
			runOnlyForDeploymentPostprocessing = 0;
		};
		269DD92924736B5700D9527C /* Sources */ = {
			isa = PBXSourcesBuildPhase;
			buildActionMask = 2147483647;
			files = (
				269DD93124736B5700D9527C /* main.cpp in Sources */,
			);
			runOnlyForDeploymentPostprocessing = 0;
		};
/* End PBXSourcesBuildPhase section */

/* Begin XCBuildConfiguration section */
		2683E3752483527100A297FF /* Debug */ = {
			isa = XCBuildConfiguration;
			buildSettings = {
				CLANG_ANALYZER_NUMBER_OBJECT_CONVERSION = YES_AGGRESSIVE;
				CLANG_CXX_LANGUAGE_STANDARD = "c++17";
				CLANG_ENABLE_OBJC_WEAK = YES;
				CLANG_WARN_DOCUMENTATION_COMMENTS = YES;
				CLANG_WARN_UNGUARDED_AVAILABILITY = YES_AGGRESSIVE;
				CODE_SIGN_STYLE = Automatic;
				COMBINE_HIDPI_IMAGES = YES;
				GCC_C_LANGUAGE_STANDARD = gnu11;
				INFOPLIST_FILE = TestYRoots/Info.plist;
				LD_RUNPATH_SEARCH_PATHS = "$(inherited) @executable_path/../Frameworks @loader_path/../Frameworks";
				MTL_ENABLE_DEBUG_INFO = INCLUDE_SOURCE;
				MTL_FAST_MATH = YES;
				PRODUCT_BUNDLE_IDENTIFIER = Erik.TestYRoots;
				PRODUCT_NAME = "$(TARGET_NAME)";
			};
			name = Debug;
		};
		2683E3762483527100A297FF /* Release */ = {
			isa = XCBuildConfiguration;
			buildSettings = {
				CLANG_ANALYZER_NUMBER_OBJECT_CONVERSION = YES_AGGRESSIVE;
				CLANG_CXX_LANGUAGE_STANDARD = "c++17";
				CLANG_ENABLE_OBJC_WEAK = YES;
				CLANG_WARN_DOCUMENTATION_COMMENTS = YES;
				CLANG_WARN_UNGUARDED_AVAILABILITY = YES_AGGRESSIVE;
				CODE_SIGN_STYLE = Automatic;
				COMBINE_HIDPI_IMAGES = YES;
				GCC_C_LANGUAGE_STANDARD = gnu11;
				INFOPLIST_FILE = TestYRoots/Info.plist;
				LD_RUNPATH_SEARCH_PATHS = "$(inherited) @executable_path/../Frameworks @loader_path/../Frameworks";
				MTL_FAST_MATH = YES;
				PRODUCT_BUNDLE_IDENTIFIER = Erik.TestYRoots;
				PRODUCT_NAME = "$(TARGET_NAME)";
			};
			name = Release;
		};
		269DD93224736B5700D9527C /* Debug */ = {
			isa = XCBuildConfiguration;
			buildSettings = {
				ALWAYS_SEARCH_USER_PATHS = NO;
				CLANG_ANALYZER_LOCALIZABILITY_NONLOCALIZED = YES;
				CLANG_ANALYZER_NONNULL = YES;
				CLANG_CXX_LANGUAGE_STANDARD = "c++17";
				CLANG_CXX_LIBRARY = "libc++";
				CLANG_ENABLE_MODULES = YES;
				CLANG_ENABLE_OBJC_ARC = YES;
				CLANG_WARN_BLOCK_CAPTURE_AUTORELEASING = YES;
				CLANG_WARN_BOOL_CONVERSION = YES;
				CLANG_WARN_COMMA = YES;
				CLANG_WARN_CONSTANT_CONVERSION = YES;
				CLANG_WARN_DEPRECATED_OBJC_IMPLEMENTATIONS = YES;
				CLANG_WARN_DIRECT_OBJC_ISA_USAGE = YES_ERROR;
				CLANG_WARN_EMPTY_BODY = YES;
				CLANG_WARN_ENUM_CONVERSION = YES;
				CLANG_WARN_INFINITE_RECURSION = YES;
				CLANG_WARN_INT_CONVERSION = YES;
				CLANG_WARN_NON_LITERAL_NULL_CONVERSION = YES;
				CLANG_WARN_OBJC_IMPLICIT_RETAIN_SELF = YES;
				CLANG_WARN_OBJC_LITERAL_CONVERSION = YES;
				CLANG_WARN_OBJC_ROOT_CLASS = YES_ERROR;
				CLANG_WARN_RANGE_LOOP_ANALYSIS = YES;
				CLANG_WARN_STRICT_PROTOTYPES = YES;
				CLANG_WARN_SUSPICIOUS_MOVE = YES;
				CLANG_WARN_UNREACHABLE_CODE = YES;
				CLANG_WARN__DUPLICATE_METHOD_MATCH = YES;
				CODE_SIGN_IDENTITY = "-";
				COPY_PHASE_STRIP = NO;
				DEBUG_INFORMATION_FORMAT = dwarf;
				ENABLE_STRICT_OBJC_MSGSEND = YES;
				ENABLE_TESTABILITY = YES;
				GCC_C_LANGUAGE_STANDARD = gnu99;
				GCC_DYNAMIC_NO_PIC = NO;
				GCC_NO_COMMON_BLOCKS = YES;
				GCC_OPTIMIZATION_LEVEL = 0;
				GCC_PREPROCESSOR_DEFINITIONS = (
					"DEBUG=1",
					"$(inherited)",
				);
				GCC_WARN_64_TO_32_BIT_CONVERSION = YES;
				GCC_WARN_ABOUT_RETURN_TYPE = YES_ERROR;
				GCC_WARN_UNDECLARED_SELECTOR = YES;
				GCC_WARN_UNINITIALIZED_AUTOS = YES_AGGRESSIVE;
				GCC_WARN_UNUSED_FUNCTION = YES;
				GCC_WARN_UNUSED_VARIABLE = YES;
				"LIBRARY_SEARCH_PATHS[arch=*]" = /usr/local/lib/;
				MACOSX_DEPLOYMENT_TARGET = 10.15;
				MTL_ENABLE_DEBUG_INFO = YES;
				ONLY_ACTIVE_ARCH = YES;
				OTHER_LDFLAGS = (
					"-lfftw3",
					"-lm",
				);
				SDKROOT = macosx;
			};
			name = Debug;
		};
		269DD93324736B5700D9527C /* Release */ = {
			isa = XCBuildConfiguration;
			buildSettings = {
				ALWAYS_SEARCH_USER_PATHS = NO;
				CLANG_ANALYZER_LOCALIZABILITY_NONLOCALIZED = YES;
				CLANG_ANALYZER_NONNULL = YES;
				CLANG_CXX_LANGUAGE_STANDARD = "c++17";
				CLANG_CXX_LIBRARY = "libc++";
				CLANG_ENABLE_MODULES = YES;
				CLANG_ENABLE_OBJC_ARC = YES;
				CLANG_WARN_BLOCK_CAPTURE_AUTORELEASING = YES;
				CLANG_WARN_BOOL_CONVERSION = YES;
				CLANG_WARN_COMMA = YES;
				CLANG_WARN_CONSTANT_CONVERSION = YES;
				CLANG_WARN_DEPRECATED_OBJC_IMPLEMENTATIONS = YES;
				CLANG_WARN_DIRECT_OBJC_ISA_USAGE = YES_ERROR;
				CLANG_WARN_EMPTY_BODY = YES;
				CLANG_WARN_ENUM_CONVERSION = YES;
				CLANG_WARN_INFINITE_RECURSION = YES;
				CLANG_WARN_INT_CONVERSION = YES;
				CLANG_WARN_NON_LITERAL_NULL_CONVERSION = YES;
				CLANG_WARN_OBJC_IMPLICIT_RETAIN_SELF = YES;
				CLANG_WARN_OBJC_LITERAL_CONVERSION = YES;
				CLANG_WARN_OBJC_ROOT_CLASS = YES_ERROR;
				CLANG_WARN_RANGE_LOOP_ANALYSIS = YES;
				CLANG_WARN_STRICT_PROTOTYPES = YES;
				CLANG_WARN_SUSPICIOUS_MOVE = YES;
				CLANG_WARN_UNREACHABLE_CODE = YES;
				CLANG_WARN__DUPLICATE_METHOD_MATCH = YES;
				CODE_SIGN_IDENTITY = "-";
				COPY_PHASE_STRIP = NO;
				DEBUG_INFORMATION_FORMAT = "dwarf-with-dsym";
				ENABLE_NS_ASSERTIONS = NO;
				ENABLE_STRICT_OBJC_MSGSEND = YES;
				GCC_C_LANGUAGE_STANDARD = gnu99;
				GCC_NO_COMMON_BLOCKS = YES;
				GCC_OPTIMIZATION_LEVEL = 0;
				GCC_WARN_64_TO_32_BIT_CONVERSION = YES;
				GCC_WARN_ABOUT_RETURN_TYPE = YES_ERROR;
				GCC_WARN_UNDECLARED_SELECTOR = YES;
				GCC_WARN_UNINITIALIZED_AUTOS = YES_AGGRESSIVE;
				GCC_WARN_UNUSED_FUNCTION = YES;
				GCC_WARN_UNUSED_VARIABLE = YES;
				"LIBRARY_SEARCH_PATHS[arch=*]" = /usr/local/lib/;
				MACOSX_DEPLOYMENT_TARGET = 10.15;
				MTL_ENABLE_DEBUG_INFO = NO;
				OTHER_LDFLAGS = (
					"-lfftw3",
					"-lm",
				);
				SDKROOT = macosx;
			};
			name = Release;
		};
		269DD93524736B5700D9527C /* Debug */ = {
			isa = XCBuildConfiguration;
			buildSettings = {
				CODE_SIGN_IDENTITY = "-";
				GCC_OPTIMIZATION_LEVEL = fast;
				"HEADER_SEARCH_PATHS[arch=*]" = /usr/local/include/;
				PRODUCT_NAME = "$(TARGET_NAME)";
			};
			name = Debug;
		};
		269DD93624736B5700D9527C /* Release */ = {
			isa = XCBuildConfiguration;
			buildSettings = {
				CODE_SIGN_IDENTITY = "-";
				"HEADER_SEARCH_PATHS[arch=*]" = /usr/local/include/;
				PRODUCT_NAME = "$(TARGET_NAME)";
			};
			name = Release;
		};
/* End XCBuildConfiguration section */

/* Begin XCConfigurationList section */
		2683E3772483527100A297FF /* Build configuration list for PBXNativeTarget "TestYRoots" */ = {
			isa = XCConfigurationList;
			buildConfigurations = (
				2683E3752483527100A297FF /* Debug */,
				2683E3762483527100A297FF /* Release */,
			);
			defaultConfigurationIsVisible = 0;
			defaultConfigurationName = Release;
		};
		269DD92824736B5700D9527C /* Build configuration list for PBXProject "YRoots" */ = {
			isa = XCConfigurationList;
			buildConfigurations = (
				269DD93224736B5700D9527C /* Debug */,
				269DD93324736B5700D9527C /* Release */,
			);
			defaultConfigurationIsVisible = 0;
			defaultConfigurationName = Release;
		};
		269DD93424736B5700D9527C /* Build configuration list for PBXNativeTarget "YRoots" */ = {
			isa = XCConfigurationList;
			buildConfigurations = (
				269DD93524736B5700D9527C /* Debug */,
				269DD93624736B5700D9527C /* Release */,
			);
			defaultConfigurationIsVisible = 0;
			defaultConfigurationName = Release;
		};
/* End XCConfigurationList section */
	};
	rootObject = 269DD92524736B5700D9527C /* Project object */;
}
